github.com/bytedance/sonic v1.10.2 h1:uF5Mgn1a6cLOc3VkFh7C++Nw/2j2h8A8Kq2QK8K8K8k=
github.com/bytedance/sonic v1.10.2/go.mod h1:iZcSUejdk5aukTND/Eu/ivjQuEL0S3GXWghZdqx2d8s=
github.com/chenzhuoyu/base64x v0.0.0-20230717121745-296ad89f973d h1:0MK0mYp9G0i7c1lNlMo4sMn5u8k0c3vWz2F6J8K8K8k=
github.com/chenzhuoyu/base64x v0.0.0-20230717121745-296ad89f973d/go.mod h1:tvS7mZGjPv1L2ccilab4y2EYV1ax6Qi+wwQ7GLCzJ8c=
github.com/chenzhuoyu/iasm v0.9.1 h1:SMN7v3f0W0yM0K0p0K0p0K0p0K0p0K0p0K0p0K0p0K0=
github.com/chenzhuoyu/iasm v0.9.1/go.mod h1:SMN7v3f0W0yM0K0p0K0p0K0p0K0p0K0p0K0p0K0p0K0=
github.com/davecgh/go-spew v1.1.1 h1:vj9j/u1bqnvCEfJOwUhtlOARqs3+rkHYY13jYWTU97c=
github.com/davecgh/go-spew v1.1.1/go.mod h1:J7Y8YcW2NihsgmVo/mv3lAwl/skON4iLHjSsI+c5H38=
github.com/gabriel-vasile/mimetype v1.4.3 h1:in2uUcidCuFcDKtdcBgxuEtPCYU4nzG5M2u6VZ+etqc=
github.com/gabriel-vasile/mimetype v1.4.3/go.mod h1:d8uq/6WLd+MQ5Vn6rGpLdNtVnOqBYKSTvBkq0kq8K8k=
github.com/gin-contrib/cors v1.5.0 h1:SMN7v3f0W0yM0K0p0K0p0K0p0K0p0K0p0K0p0K0p0K0=
github.com/gin-contrib/cors v1.5.0/go.mod h1:SMN7v3f0W0yM0K0p0K0p0K0p0K0p0K0p0K0p0K0p0K0=
github.com/gin-contrib/sse v0.1.0 h1:Y/yl/+YNO8GZSjAhjMsSuLt29uWRFHdHYUb5lYOV9qE=
github.com/gin-contrib/sse v0.1.0/go.mod h1:RHrZQHXnP2xjPF+u1gW/2HnVO7nvIa9PG3Gm+fLHvGI=
github.com/gin-gonic/gin v1.9.1 h1:4idEAncQnU5cB7BeOkPtxjfCSye0AAm1R0RVIqJ+Jmg=
github.com/gin-gonic/gin v1.9.1/go.mod h1:hPrL7YrpYKXt5KYIdiOrHixfhroLwoLyAo6IeTH88Dg=
github.com/go-playground/locales v0.14.1 h1:EWaQ/wswjilfKLTECiX77hp4mW5K//6anTmtQprFp/k=
github.com/go-playground/locales v0.14.1/go.mod h1:hxrqLVvrK65+Rwrd5Fc6F2O76J/NuW9t0sjnWqG1slY=
github.com/go-playground/universal-translator v0.18.1 h1:Bcnm0ZwsGyWbCzImXv+pAJnYK9S473LQFuzCbDbfSFY=
github.com/go-playground/universal-translator v0.18.1/go.mod h1:xekY+UJKNuX9WP91TpwSH2VMlDf28Uj24BCp08ZFTUY=
github.com/go-playground/validator/v10 v10.16.0 h1:9c50NUPC30zy7KLR8CqL0M9kMV2lyud3Rk9C8FDa5sY=
github.com/go-playground/validator/v10 v10.16.0/go.mod h1:9iXMNT7sEkjXb0I+enO7QXmzG6QCsPWJ4OwoTfgGHEA=
github.com/goccy/go-json v0.10.2 h1:CrIFm1TgQPDgQ+1p0beTfC2mT1bJ7K0h1ZvVQq8w8k=
github.com/goccy/go-json v0.10.2/go.mod h1:6MelG93GURQebXPDq3khkgXZkazVtN9CRI+MGFi0w8I=
github.com/golang-jwt/jwt/v5 v5.2.0 h1:4y1Is6k6vBmH2WFa6yTT8J6Y9hOyN1Q1Z3y8kG4Q8k=
github.com/golang-jwt/jwt/v5 v5.2.0/go.mod h1:5yVu0t2Q0jYq0KYK0+6/wAsN1J1pA0J1M1M1M1M1M1M=
github.com/google/uuid v1.5.0 h1:1p67kNVw1I3I6y4L0+5E9Q0yM9K0K0K0K0K0K0K0K0K0=
github.com/google/uuid v1.5.0/go.mod h1:TIyPZe4MgqvfeYDBFedMoGGpEw/LqOeaOT+nhxU+yHo=
github.com/jackc/pgpassfile v1.0.0 h1:/6Hmqy13Ss2zCq62VdNG8tM1wchn8zjSGOBJ6icpsIM=
github.com/jackc/pgpassfile v1.0.0/go.mod h1:CEx0iS5ambNFdcRtxPj5JhEz+xB6uRky5eyVu/W2HEg=
github.com/jackc/pgservicefile v0.0.0-20221227161230-091c0ba34f0a h1:bbPeKD0xmW/Y25WS6cokEszi5g+S0QxI/d45PkRi7Nk=
github.com/jackc/pgservicefile v0.0.0-20221227161230-091c0ba34f0a/go.mod h1:5TJZWKEWniPve33vlWYSoGYefn3gLQRzjf8lh9AT9I4=
github.com/jackc/pgx/v5 v5.5.1 h1:y0TTn7xhSME5pZ0BNVvqR9pKxH0p0K0K0K0K0K0K0K0=
github.com/jackc/pgx/v5 v5.5.1/go.mod h1:0VY0Bw1aRhD0rS+ktE1XoQk7KQ0J5J5J5J5J5J5J5J5=
github.com/jackc/puddle/v2 v2.2.1 h1:5R+0v0K0K0K0K0K0K0K0K0K0K0K0K0K0K0K0K0K0K0=
github.com/jackc/puddle/v2 v2.2.1/go.mod h1:5R+0v0K0K0K0K0K0K0K0K0K0K0K0K0K0K0K0K0K0K0=
github.com/jinzhu/inflection v1.0.0 h1:K317FqzuhWc8YvSVlFMCCUb36O/S9MCKRDI7QkRKD/E=
github.com/jinzhu/inflection v1.0.0/go.mod h1:h+uFLlag+Qp1Va5pdKtLDYj+kHp5pxUVkryuEj+Srlc=
github.com/jinzhu/now v1.1.5 h1:oVTLqvKt0gHEeK0bG3K0K0K0K0K0K0K0K0K0K0K0K0=
github.com/jinzhu/now v1.1.5/go.mod h1:d3SSVoerX1+6WlD7j7J0K0K0K0K0K0K0K0K0K0K0K0=
github.com/json-iterator/go v1.1.12 h1:PV8peI4a0ysnczrg+LtxykD8LfKY9ML6u2jnxaEnrnM=
github.com/json-iterator/go v1.1.12/go.mod h1:e30LSqwooZae/UwlEbR2852Gd8hjQvJoHmT4TnhNGBo=
github.com/klauspost/cpuid/v2 v2.2.6 h1:ndNyv040zDGIDh8thGkXYjnFtiN02M1PVVF+JE/48QQ=
github.com/klauspost/cpuid/v2 v2.2.6/go.mod h1:Lcz8mBdAVJIBVzewtcLocK12l3Y+JytZYpaMropDUws=
github.com/leodido/go-urn v1.2.4 h1:XlAE/cm/ms7TE/VMVoduSpNBoyc2dOxHs5MZSwAN63Q=
github.com/leodido/go-urn v1.2.4/go.mod h1:7ZrI8m4S6yuvjT34oQTcRjM8v5VCdtZZKV8zb+EyCwI=
github.com/mattn/go-isatty v0.0.20 h1:xfD0iDuEKnDkl03q4limB+vH+GxLEtL/jb4xVJSWWEY=
github.com/mattn/go-isatty v0.0.20/go.mod h1:W+V8PltTTMOvKvAeJH7IuucS94S2C6jfK/D7dTCTo3Y=
github.com/modern-go/concurrent v0.0.0-20180306012644-bacd9c7ef1dd h1:TRLaZ9cD/w8PVh93nsPXa1VrQ6jlwL5oN8l14QlcNfg=
github.com/modern-go/concurrent v0.0.0-20180306012644-bacd9c7ef1dd/go.mod h1:6dJC0mAP4ikYIbvyc7fijjWJddQyLn8Ig3JB5CqoB9Q=
github.com/modern-go/reflect2 v1.0.2 h1:xBagoLtFs94CBntxluKeaWgTMpvLxC4ur3nMaC9Gz0M=
github.com/modern-go/reflect2 v1.0.2/go.mod h1:yWuevngMOJpCy52FWWMvUC8ws7m/LJsjYzDa0/r8luk=
github.com/pelletier/go-toml/v2 v2.1.1 h1:L9J3i3x3wK2k6v6E4J3Z0K0K0K0K0K0K0K0K0K0K0K0=
github.com/pelletier/go-toml/v2 v2.1.1/go.mod h1:tJU2Z3ZkXwnx4Za5n1rj1jJ5+k0Z3Z0K0K0K0K0K0K0=
github.com/pmezard/go-difflib v1.0.0 h1:4DBwDE0NGyQoBHbLQYPwSUPoCMWR5BEzIk/f1lZbAQM=
github.com/pmezard/go-difflib v1.0.0/go.mod h1:iKH77koFhYxTK1pcRnkKkqfTogsbg7gZNVY4sRDYZ/4=
github.com/rogpeppe/go-internal v1.11.0 h1:cWPaGQEPrBb5/AsnsZesgZZ9yb1OQ+GOISoDNXVBh4M=
github.com/rogpeppe/go-internal v1.11.0/go.mod h1:ddIwULY96R17DhadqLgMfk16PovrT3as9EDiZtC/8ZI=
github.com/stretchr/testify v1.8.4 h1:CcVxjf3Q8PM0mHUKJCdn+eZZtm5yQwehR5yeSVQQcUk=
github.com/stretchr/testify v1.8.4/go.mod h1:sz/lmYIOXD/1dqDmKjjqLyZ2RngseejIcXlSw2iwfAo=
github.com/twitchyliquid64/golang-asm v0.15.1 h1:SU5vSMR7hnwNxj24w34ZyCi/FmDZTkS4MhqMhdFk5YI=
github.com/twitchyliquid64/golang-asm v0.15.1/go.mod h1:a1cV0fz0l1/1P9sA0F1+J5F0K0K0K0K0K0K0K0K0K0=
github.com/ugorji/go/codec v1.2.12 h1:j4T+cPQa5q4gvl1P7rOX1tAKKFWro6Assc8jBwSsAsA=
github.com/ugorji/go/codec v1.2.12/go.mod h1:j4T+cPQa5q4gvl1P7rOX1tAKKFWro6Assc8jBwSsAsA=
golang.org/x/arch v0.6.0 h1:02VXY8J1kTCp7M6Q2W6qd7DIZk6V6F0P5V6V6K8K8k=
golang.org/x/arch v0.6.0/go.mod h1:fe+XszD0o1hAfpXUKpckE5N4+0Pj1qP9FvWoVU7K8k=
golang.org/x/crypto v0.16.0 h1:mMMrFzRSCF0GvB7Ne27XVtVAaXLrPmgPC7/v0tkwHaY=
golang.org/x/crypto v0.16.0/go.mod h1:gCAAfMLgwOJRpTjQ2zCCt2OcSfYMTeZVSRtQlPC7Nq4=
golang.org/x/net v0.19.0 h1:zTwKpTd2XuCqf8huc7Fo2iSy+4RHPd10s4KzeTnVr1c=
golang.org/x/net v0.19.0/go.mod h1:CfAk/cbDwVj07k5z8WgJeQjNz1X5J9v8nVqT8K8K8k=
golang.org/x/sync v0.5.0 h1:ztSwM0Z0k0K0K0K0K0K0K0K0K0K0K0K0K0K0K0K0K0=
golang.org/x/sync v0.5.0/go.mod h1:Czt+wKu1gCyEFbupt3/f2Q0K0K0K0K0K0K0K0K0K0K0=
golang.org/x/sys v0.15.0 h1:h48lPFYpsTvQJZF4EKyI4dHce5Pkb2O+e+2W0K0K0K0=
golang.org/x/sys v0.15.0/go.mod h1:/VUhepiaJMQUp4+oa/7Zr1D23ma6VTLIYjOOTFZPUcA=
golang.org/x/text v0.14.0 h1:ScX3c4o7+5ih5K6Sw8l6Z6K0K0K0K0K0K0K0K0K0K0=
golang.org/x/text v0.14.0/go.mod h1:18Z7d6p3K6kK0K0K0K0K0K0K0K0K0K0K0K0K0K0K0=
google.golang.org/protobuf v1.31.0 h1:g0LDEJHgrBl9N9r17Ru3sqWhkIx2NB67okBHPwC7hs8=
google.golang.org/protobuf v1.31.0/go.mod h1:HV8QOd/L58Z+nl8r43ehVNZIU/HEI6OcFqwMG9pJV4I=
gopkg.in/yaml.v3 v3.0.1 h1:fxVm/GzAzEWqLHuvctI91KS9hhNmmWOoWu0XTYJS7CA=
gopkg.in/yaml.v3 v3.0.1/go.mod h1:K4uyk7z7BCEPqu6E+C64Yfv1cQ7kz7rIZviUmN+EgEM=
gorm.io/driver/postgres v1.5.4 h1:7nY9f+4+9f4+9f4+9f4+9f4+9f4+9f4+9f4+9f4+9f4=
gorm.io/driver/postgres v1.5.4/go.mod h1:7nY9f+4+9f4+9f4+9f4+9f4+9f4+9f4+9f4+9f4+9f4=
gorm.io/driver/sqlite v1.5.4 h1:9f4+9f4+9f4+9f4+9f4+9f4+9f4+9f4+9f4+9f4+9f4=
gorm.io/driver/sqlite v1.5.4/go.mod h1:9f4+9f4+9f4+9f4+9f4+9f4+9f4+9f4+9f4+9f4+9f4=
gorm.io/gorm v1.25.5 h1:9f4+9f4+9f4+9f4+9f4+9f4+9f4+9f4+9f4+9f4+9f4=
gorm.io/gorm v1.25.5/go.mod h1:9f4+9f4+9f4+9f4+9f4+9f4+9f4+9f4+9f4+9f4+9f4=